
Microsoft Visual Studio Solution File, Format Version 12.00
# Visual Studio 15
VisualStudioVersion = 15.0.26228.9
MinimumVisualStudioVersion = 10.0.40219.1
Project("{FAE04EC0-301F-11D3-BF4B-00C04F79EFBC}") = "TentaPractice", "TentaPractice\TentaPractice.csproj", "{D9A8A818-51A8-44CA-8122-614E3F1F6096}"
EndProject
Global
	GlobalSection(SolutionConfigurationPlatforms) = preSolution
		Debug|Any CPU = Debug|Any CPU
		Release|Any CPU = Release|Any CPU
	EndGlobalSection
	GlobalSection(ProjectConfigurationPlatforms) = postSolution
		{D9A8A818-51A8-44CA-8122-614E3F1F6096}.Debug|Any CPU.ActiveCfg = Debug|Any CPU
		{D9A8A818-51A8-44CA-8122-614E3F1F6096}.Debug|Any CPU.Build.0 = Debug|Any CPU
		{D9A8A818-51A8-44CA-8122-614E3F1F6096}.Release|Any CPU.ActiveCfg = Release|Any CPU
		{D9A8A818-51A8-44CA-8122-614E3F1F6096}.Release|Any CPU.Build.0 = Release|Any CPU
	EndGlobalSection
	GlobalSection(SolutionProperties) = preSolution
		HideSolutionNode = FALSE
	EndGlobalSection
EndGlobal
